
Microsoft Visual Studio Solution File, Format Version 12.00
# Visual Studio Version 17
VisualStudioVersion = 17.14.36603.0 d17.14
MinimumVisualStudioVersion = 10.0.40219.1
Project("{FAE04EC0-301F-11D3-BF4B-00C04F79EFBC}") = "Banque.API", "Banque.API.csproj", "{166992BA-8ACA-4E03-A956-D5AAE91F06E6}"
EndProject
Global
	GlobalSection(SolutionConfigurationPlatforms) = preSolution
		Debug|Any CPU = Debug|Any CPU
		Release|Any CPU = Release|Any CPU
	EndGlobalSection
	GlobalSection(ProjectConfigurationPlatforms) = postSolution
		{166992BA-8ACA-4E03-A956-D5AAE91F06E6}.Debug|Any CPU.ActiveCfg = Debug|Any CPU
		{166992BA-8ACA-4E03-A956-D5AAE91F06E6}.Debug|Any CPU.Build.0 = Debug|Any CPU
		{166992BA-8ACA-4E03-A956-D5AAE91F06E6}.Release|Any CPU.ActiveCfg = Release|Any CPU
		{166992BA-8ACA-4E03-A956-D5AAE91F06E6}.Release|Any CPU.Build.0 = Release|Any CPU
	EndGlobalSection
	GlobalSection(SolutionProperties) = preSolution
		HideSolutionNode = FALSE
	EndGlobalSection
	GlobalSection(ExtensibilityGlobals) = postSolution
		SolutionGuid = {D0487BF9-4716-4EB2-B808-8C34C5F2E305}
	EndGlobalSection
EndGlobal
